
Microsoft Visual Studio Solution File, Format Version 12.00
# Visual Studio Version 16
VisualStudioVersion = 16.0.30621.155
MinimumVisualStudioVersion = 10.0.40219.1
Project("{FAE04EC0-301F-11D3-BF4B-00C04F79EFBC}") = "pootis", "pootis\pootis.csproj", "{2120AE13-10A4-46D5-B982-DB057D0A7DA0}"
EndProject
Global
	GlobalSection(SolutionConfigurationPlatforms) = preSolution
		Debug|Any CPU = Debug|Any CPU
		Release|Any CPU = Release|Any CPU
	EndGlobalSection
	GlobalSection(ProjectConfigurationPlatforms) = postSolution
		{2120AE13-10A4-46D5-B982-DB057D0A7DA0}.Debug|Any CPU.ActiveCfg = Debug|Any CPU
		{2120AE13-10A4-46D5-B982-DB057D0A7DA0}.Debug|Any CPU.Build.0 = Debug|Any CPU
		{2120AE13-10A4-46D5-B982-DB057D0A7DA0}.Release|Any CPU.ActiveCfg = Release|Any CPU
		{2120AE13-10A4-46D5-B982-DB057D0A7DA0}.Release|Any CPU.Build.0 = Release|Any CPU
	EndGlobalSection
	GlobalSection(SolutionProperties) = preSolution
		HideSolutionNode = FALSE
	EndGlobalSection
	GlobalSection(ExtensibilityGlobals) = postSolution
		SolutionGuid = {405F3E7E-C84E-4475-9862-A70830335294}
	EndGlobalSection
EndGlobal
